
Microsoft Visual Studio Solution File, Format Version 12.00
# Visual Studio 15
Project("{FAE04EC0-301F-11D3-BF4B-00C04F79EFBC}") = "Assembly-CSharp", "Assembly-CSharp.csproj", "{970141D3-A975-322A-A2BB-05692B309DDF}"
EndProject
Project("{FAE04EC0-301F-11D3-BF4B-00C04F79EFBC}") = "Assembly-CSharp-Editor", "Assembly-CSharp-Editor.csproj", "{7A89B670-A0CF-2BC4-77C9-6822E6693788}"
EndProject
Global
	GlobalSection(SolutionConfigurationPlatforms) = preSolution
		Debug|Any CPU = Debug|Any CPU
		Release|Any CPU = Release|Any CPU
	EndGlobalSection
	GlobalSection(ProjectConfigurationPlatforms) = postSolution
		{970141D3-A975-322A-A2BB-05692B309DDF}.Debug|Any CPU.ActiveCfg = Debug|Any CPU
		{970141D3-A975-322A-A2BB-05692B309DDF}.Debug|Any CPU.Build.0 = Debug|Any CPU
		{970141D3-A975-322A-A2BB-05692B309DDF}.Release|Any CPU.ActiveCfg = Release|Any CPU
		{970141D3-A975-322A-A2BB-05692B309DDF}.Release|Any CPU.Build.0 = Release|Any CPU
		{7A89B670-A0CF-2BC4-77C9-6822E6693788}.Debug|Any CPU.ActiveCfg = Debug|Any CPU
		{7A89B670-A0CF-2BC4-77C9-6822E6693788}.Debug|Any CPU.Build.0 = Debug|Any CPU
		{7A89B670-A0CF-2BC4-77C9-6822E6693788}.Release|Any CPU.ActiveCfg = Release|Any CPU
		{7A89B670-A0CF-2BC4-77C9-6822E6693788}.Release|Any CPU.Build.0 = Release|Any CPU
	EndGlobalSection
	GlobalSection(SolutionProperties) = preSolution
		HideSolutionNode = FALSE
	EndGlobalSection
	GlobalSection(MonoDevelopProperties) = preSolution
		StartupItem = Assembly-CSharp.csproj
	EndGlobalSection
EndGlobal
